// !$*UTF8*$!
{
	archiveVersion = 1;
	classes = {
	};
	objectVersion = 46;
	objects = {

/* Begin PBXBuildFile section */
		64213C1417C71BF100ACB862 /* UIKit.framework in Frameworks */ = {isa = PBXBuildFile; fileRef = 64213C1317C71BF100ACB862 /* UIKit.framework */; };
		64213C1617C71BF100ACB862 /* Foundation.framework in Frameworks */ = {isa = PBXBuildFile; fileRef = 64213C1517C71BF100ACB862 /* Foundation.framework */; };
		64213C1817C71BF100ACB862 /* CoreGraphics.framework in Frameworks */ = {isa = PBXBuildFile; fileRef = 64213C1717C71BF100ACB862 /* CoreGraphics.framework */; };
		64213C1E17C71BF100ACB862 /* InfoPlist.strings in Resources */ = {isa = PBXBuildFile; fileRef = 64213C1C17C71BF100ACB862 /* InfoPlist.strings */; };
		64213C2017C71BF100ACB862 /* main.m in Sources */ = {isa = PBXBuildFile; fileRef = 64213C1F17C71BF100ACB862 /* main.m */; };
		64213C2417C71BF100ACB862 /* AppDelegate.m in Sources */ = {isa = PBXBuildFile; fileRef = 64213C2317C71BF100ACB862 /* AppDelegate.m */; };
		64213C2617C71BF100ACB862 /* Default.png in Resources */ = {isa = PBXBuildFile; fileRef = 64213C2517C71BF100ACB862 /* Default.png */; };
		64213C2817C71BF100ACB862 /* Default@2x.png in Resources */ = {isa = PBXBuildFile; fileRef = 64213C2717C71BF100ACB862 /* Default@2x.png */; };
		64213C2A17C71BF100ACB862 /* Default-568h@2x.png in Resources */ = {isa = PBXBuildFile; fileRef = 64213C2917C71BF100ACB862 /* Default-568h@2x.png */; };
		64213C2D17C71BF100ACB862 /* MainStoryboard_iPhone.storyboard in Resources */ = {isa = PBXBuildFile; fileRef = 64213C2B17C71BF100ACB862 /* MainStoryboard_iPhone.storyboard */; };
		64213C3017C71BF100ACB862 /* MainStoryboard_iPad.storyboard in Resources */ = {isa = PBXBuildFile; fileRef = 64213C2E17C71BF100ACB862 /* MainStoryboard_iPad.storyboard */; };
		64213C3317C71BF100ACB862 /* ViewController.m in Sources */ = {isa = PBXBuildFile; fileRef = 64213C3217C71BF100ACB862 /* ViewController.m */; };
/* End PBXBuildFile section */

/* Begin PBXFileReference section */
		64213C1017C71BF100ACB862 /* Creativ365.app */ = {isa = PBXFileReference; explicitFileType = wrapper.application; includeInIndex = 0; path = Creativ365.app; sourceTree = BUILT_PRODUCTS_DIR; };
		64213C1317C71BF100ACB862 /* UIKit.framework */ = {isa = PBXFileReference; lastKnownFileType = wrapper.framework; name = UIKit.framework; path = System/Library/Frameworks/UIKit.framework; sourceTree = SDKROOT; };
		64213C1517C71BF100ACB862 /* Foundation.framework */ = {isa = PBXFileReference; lastKnownFileType = wrapper.framework; name = Foundation.framework; path = System/Library/Frameworks/Foundation.framework; sourceTree = SDKROOT; };
		64213C1717C71BF100ACB862 /* CoreGraphics.framework */ = {isa = PBXFileReference; lastKnownFileType = wrapper.framework; name = CoreGraphics.framework; path = System/Library/Frameworks/CoreGraphics.framework; sourceTree = SDKROOT; };
		64213C1B17C71BF100ACB862 /* Creativ365-Info.plist */ = {isa = PBXFileReference; lastKnownFileType = text.plist.xml; path = "Creativ365-Info.plist"; sourceTree = "<group>"; };
		64213C1D17C71BF100ACB862 /* en */ = {isa = PBXFileReference; lastKnownFileType = text.plist.strings; name = en; path = en.lproj/InfoPlist.strings; sourceTree = "<group>"; };
		64213C1F17C71BF100ACB862 /* main.m */ = {isa = PBXFileReference; lastKnownFileType = sourcecode.c.objc; path = main.m; sourceTree = "<group>"; };
		64213C2117C71BF100ACB862 /* Creativ365-Prefix.pch */ = {isa = PBXFileReference; lastKnownFileType = sourcecode.c.h; path = "Creativ365-Prefix.pch"; sourceTree = "<group>"; };
		64213C2217C71BF100ACB862 /* AppDelegate.h */ = {isa = PBXFileReference; lastKnownFileType = sourcecode.c.h; path = AppDelegate.h; sourceTree = "<group>"; };
		64213C2317C71BF100ACB862 /* AppDelegate.m */ = {isa = PBXFileReference; lastKnownFileType = sourcecode.c.objc; path = AppDelegate.m; sourceTree = "<group>"; };
		64213C2517C71BF100ACB862 /* Default.png */ = {isa = PBXFileReference; lastKnownFileType = image.png; path = Default.png; sourceTree = "<group>"; };
		64213C2717C71BF100ACB862 /* Default@2x.png */ = {isa = PBXFileReference; lastKnownFileType = image.png; path = "Default@2x.png"; sourceTree = "<group>"; };
		64213C2917C71BF100ACB862 /* Default-568h@2x.png */ = {isa = PBXFileReference; lastKnownFileType = image.png; path = "Default-568h@2x.png"; sourceTree = "<group>"; };
		64213C2C17C71BF100ACB862 /* en */ = {isa = PBXFileReference; lastKnownFileType = file.storyboard; name = en; path = en.lproj/MainStoryboard_iPhone.storyboard; sourceTree = "<group>"; };
		64213C2F17C71BF100ACB862 /* en */ = {isa = PBXFileReference; lastKnownFileType = file.storyboard; name = en; path = en.lproj/MainStoryboard_iPad.storyboard; sourceTree = "<group>"; };
		64213C3117C71BF100ACB862 /* ViewController.h */ = {isa = PBXFileReference; lastKnownFileType = sourcecode.c.h; path = ViewController.h; sourceTree = "<group>"; };
		64213C3217C71BF100ACB862 /* ViewController.m */ = {isa = PBXFileReference; lastKnownFileType = sourcecode.c.objc; path = ViewController.m; sourceTree = "<group>"; };
/* End PBXFileReference section */

/* Begin PBXFrameworksBuildPhase section */
		64213C0D17C71BF100ACB862 /* Frameworks */ = {
			isa = PBXFrameworksBuildPhase;
			buildActionMask = 2147483647;
			files = (
				64213C1417C71BF100ACB862 /* UIKit.framework in Frameworks */,
				64213C1617C71BF100ACB862 /* Foundation.framework in Frameworks */,
				64213C1817C71BF100ACB862 /* CoreGraphics.framework in Frameworks */,
			);
			runOnlyForDeploymentPostprocessing = 0;
		};
/* End PBXFrameworksBuildPhase section */

/* Begin PBXGroup section */
		64213C0717C71BF100ACB862 = {
			isa = PBXGroup;
			children = (
				64213C1917C71BF100ACB862 /* Creativ365 */,
				64213C1217C71BF100ACB862 /* Frameworks */,
				64213C1117C71BF100ACB862 /* Products */,
			);
			sourceTree = "<group>";
		};
		64213C1117C71BF100ACB862 /* Products */ = {
			isa = PBXGroup;
			children = (
				64213C1017C71BF100ACB862 /* Creativ365.app */,
			);
			name = Products;
			sourceTree = "<group>";
		};
		64213C1217C71BF100ACB862 /* Frameworks */ = {
			isa = PBXGroup;
			children = (
				64213C1317C71BF100ACB862 /* UIKit.framework */,
				64213C1517C71BF100ACB862 /* Foundation.framework */,
				64213C1717C71BF100ACB862 /* CoreGraphics.framework */,
			);
			name = Frameworks;
			sourceTree = "<group>";
		};
		64213C1917C71BF100ACB862 /* Creativ365 */ = {
			isa = PBXGroup;
			children = (
				64213C2217C71BF100ACB862 /* AppDelegate.h */,
				64213C2317C71BF100ACB862 /* AppDelegate.m */,
				64213C2B17C71BF100ACB862 /* MainStoryboard_iPhone.storyboard */,
				64213C2E17C71BF100ACB862 /* MainStoryboard_iPad.storyboard */,
				64213C3117C71BF100ACB862 /* ViewController.h */,
				64213C3217C71BF100ACB862 /* ViewController.m */,
				64213C1A17C71BF100ACB862 /* Supporting Files */,
			);
			path = Creativ365;
			sourceTree = "<group>";
		};
		64213C1A17C71BF100ACB862 /* Supporting Files */ = {
			isa = PBXGroup;
			children = (
				64213C1B17C71BF100ACB862 /* Creativ365-Info.plist */,
				64213C1C17C71BF100ACB862 /* InfoPlist.strings */,
				64213C1F17C71BF100ACB862 /* main.m */,
				64213C2117C71BF100ACB862 /* Creativ365-Prefix.pch */,
				64213C2517C71BF100ACB862 /* Default.png */,
				64213C2717C71BF100ACB862 /* Default@2x.png */,
				64213C2917C71BF100ACB862 /* Default-568h@2x.png */,
			);
			name = "Supporting Files";
			sourceTree = "<group>";
		};
/* End PBXGroup section */

/* Begin PBXNativeTarget section */
		64213C0F17C71BF100ACB862 /* Creativ365 */ = {
			isa = PBXNativeTarget;
			buildConfigurationList = 64213C3617C71BF100ACB862 /* Build configuration list for PBXNativeTarget "Creativ365" */;
			buildPhases = (
				64213C0C17C71BF100ACB862 /* Sources */,
				64213C0D17C71BF100ACB862 /* Frameworks */,
				64213C0E17C71BF100ACB862 /* Resources */,
			);
			buildRules = (
			);
			dependencies = (
			);
			name = Creativ365;
			productName = Creativ365;
			productReference = 64213C1017C71BF100ACB862 /* Creativ365.app */;
			productType = "com.apple.product-type.application";
		};
/* End PBXNativeTarget section */

/* Begin PBXProject section */
		64213C0817C71BF100ACB862 /* Project object */ = {
			isa = PBXProject;
			attributes = {
				LastUpgradeCheck = 0460;
				ORGANIZATIONNAME = "Jessica Berglund";
			};
			buildConfigurationList = 64213C0B17C71BF100ACB862 /* Build configuration list for PBXProject "Creativ365" */;
			compatibilityVersion = "Xcode 3.2";
			developmentRegion = English;
			hasScannedForEncodings = 0;
			knownRegions = (
				en,
			);
			mainGroup = 64213C0717C71BF100ACB862;
			productRefGroup = 64213C1117C71BF100ACB862 /* Products */;
			projectDirPath = "";
			projectRoot = "";
			targets = (
				64213C0F17C71BF100ACB862 /* Creativ365 */,
			);
		};
/* End PBXProject section */

/* Begin PBXResourcesBuildPhase section */
		64213C0E17C71BF100ACB862 /* Resources */ = {
			isa = PBXResourcesBuildPhase;
			buildActionMask = 2147483647;
			files = (
				64213C1E17C71BF100ACB862 /* InfoPlist.strings in Resources */,
				64213C2617C71BF100ACB862 /* Default.png in Resources */,
				64213C2817C71BF100ACB862 /* Default@2x.png in Resources */,
				64213C2A17C71BF100ACB862 /* Default-568h@2x.png in Resources */,
				64213C2D17C71BF100ACB862 /* MainStoryboard_iPhone.storyboard in Resources */,
				64213C3017C71BF100ACB862 /* MainStoryboard_iPad.storyboard in Resources */,
			);
			runOnlyForDeploymentPostprocessing = 0;
		};
/* End PBXResourcesBuildPhase section */

/* Begin PBXSourcesBuildPhase section */
		64213C0C17C71BF100ACB862 /* Sources */ = {
			isa = PBXSourcesBuildPhase;
			buildActionMask = 2147483647;
			files = (
				64213C2017C71BF100ACB862 /* main.m in Sources */,
				64213C2417C71BF100ACB862 /* AppDelegate.m in Sources */,
				64213C3317C71BF100ACB862 /* ViewController.m in Sources */,
			);
			runOnlyForDeploymentPostprocessing = 0;
		};
/* End PBXSourcesBuildPhase section */

/* Begin PBXVariantGroup section */
		64213C1C17C71BF100ACB862 /* InfoPlist.strings */ = {
			isa = PBXVariantGroup;
			children = (
				64213C1D17C71BF100ACB862 /* en */,
			);
			name = InfoPlist.strings;
			sourceTree = "<group>";
		};
		64213C2B17C71BF100ACB862 /* MainStoryboard_iPhone.storyboard */ = {
			isa = PBXVariantGroup;
			children = (
				64213C2C17C71BF100ACB862 /* en */,
			);
			name = MainStoryboard_iPhone.storyboard;
			sourceTree = "<group>";
		};
		64213C2E17C71BF100ACB862 /* MainStoryboard_iPad.storyboard */ = {
			isa = PBXVariantGroup;
			children = (
				64213C2F17C71BF100ACB862 /* en */,
			);
			name = MainStoryboard_iPad.storyboard;
			sourceTree = "<group>";
		};
/* End PBXVariantGroup section */

/* Begin XCBuildConfiguration section */
		64213C3417C71BF100ACB862 /* Debug */ = {
			isa = XCBuildConfiguration;
			buildSettings = {
				ALWAYS_SEARCH_USER_PATHS = NO;
				CLANG_CXX_LANGUAGE_STANDARD = "gnu++0x";
				CLANG_CXX_LIBRARY = "libc++";
				CLANG_ENABLE_OBJC_ARC = YES;
				CLANG_WARN_CONSTANT_CONVERSION = YES;
				CLANG_WARN_EMPTY_BODY = YES;
				CLANG_WARN_ENUM_CONVERSION = YES;
				CLANG_WARN_INT_CONVERSION = YES;
				CLANG_WARN__DUPLICATE_METHOD_MATCH = YES;
				"CODE_SIGN_IDENTITY[sdk=iphoneos*]" = "iPhone Developer";
				COPY_PHASE_STRIP = NO;
				GCC_C_LANGUAGE_STANDARD = gnu99;
				GCC_DYNAMIC_NO_PIC = NO;
				GCC_OPTIMIZATION_LEVEL = 0;
				GCC_PREPROCESSOR_DEFINITIONS = (
					"DEBUG=1",
					"$(inherited)",
				);
				GCC_SYMBOLS_PRIVATE_EXTERN = NO;
				GCC_WARN_ABOUT_RETURN_TYPE = YES;
				GCC_WARN_UNINITIALIZED_AUTOS = YES;
				GCC_WARN_UNUSED_VARIABLE = YES;
				IPHONEOS_DEPLOYMENT_TARGET = 6.1;
				ONLY_ACTIVE_ARCH = YES;
				SDKROOT = iphoneos;
				TARGETED_DEVICE_FAMILY = "1,2";
			};
			name = Debug;
		};
		64213C3517C71BF100ACB862 /* Release */ = {
			isa = XCBuildConfiguration;
			buildSettings = {
				ALWAYS_SEARCH_USER_PATHS = NO;
				CLANG_CXX_LANGUAGE_STANDARD = "gnu++0x";
				CLANG_CXX_LIBRARY = "libc++";
				CLANG_ENABLE_OBJC_ARC = YES;
				CLANG_WARN_CONSTANT_CONVERSION = YES;
				CLANG_WARN_EMPTY_BODY = YES;
				CLANG_WARN_ENUM_CONVERSION = YES;
				CLANG_WARN_INT_CONVERSION = YES;
				CLANG_WARN__DUPLICATE_METHOD_MATCH = YES;
				"CODE_SIGN_IDENTITY[sdk=iphoneos*]" = "iPhone Developer";
				COPY_PHASE_STRIP = YES;
				GCC_C_LANGUAGE_STANDARD = gnu99;
				GCC_WARN_ABOUT_RETURN_TYPE = YES;
				GCC_WARN_UNINITIALIZED_AUTOS = YES;
				GCC_WARN_UNUSED_VARIABLE = YES;
				IPHONEOS_DEPLOYMENT_TARGET = 6.1;
				OTHER_CFLAGS = "-DNS_BLOCK_ASSERTIONS=1";
				SDKROOT = iphoneos;
				TARGETED_DEVICE_FAMILY = "1,2";
				VALIDATE_PRODUCT = YES;
			};
			name = Release;
		};
		64213C3717C71BF100ACB862 /* Debug */ = {
			isa = XCBuildConfiguration;
			buildSettings = {
				GCC_PRECOMPILE_PREFIX_HEADER = YES;
				GCC_PREFIX_HEADER = "Creativ365/Creativ365-Prefix.pch";
				INFOPLIST_FILE = "Creativ365/Creativ365-Info.plist";
				PRODUCT_NAME = "$(TARGET_NAME)";
				WRAPPER_EXTENSION = app;
			};
			name = Debug;
		};
		64213C3817C71BF100ACB862 /* Release */ = {
			isa = XCBuildConfiguration;
			buildSettings = {
				GCC_PRECOMPILE_PREFIX_HEADER = YES;
				GCC_PREFIX_HEADER = "Creativ365/Creativ365-Prefix.pch";
				INFOPLIST_FILE = "Creativ365/Creativ365-Info.plist";
				PRODUCT_NAME = "$(TARGET_NAME)";
				WRAPPER_EXTENSION = app;
			};
			name = Release;
		};
/* End XCBuildConfiguration section */

/* Begin XCConfigurationList section */
		64213C0B17C71BF100ACB862 /* Build configuration list for PBXProject "Creativ365" */ = {
			isa = XCConfigurationList;
			buildConfigurations = (
				64213C3417C71BF100ACB862 /* Debug */,
				64213C3517C71BF100ACB862 /* Release */,
			);
			defaultConfigurationIsVisible = 0;
			defaultConfigurationName = Release;
		};
		64213C3617C71BF100ACB862 /* Build configuration list for PBXNativeTarget "Creativ365" */ = {
			isa = XCConfigurationList;
			buildConfigurations = (
				64213C3717C71BF100ACB862 /* Debug */,
				64213C3817C71BF100ACB862 /* Release */,
			);
			defaultConfigurationIsVisible = 0;
		};
/* End XCConfigurationList section */
	};
	rootObject = 64213C0817C71BF100ACB862 /* Project object */;
}
