// !$*UTF8*$!
{
	archiveVersion = 1;
	classes = {
	};
	objectVersion = 46;
	objects = {

/* Begin PBXBuildFile section */
		3F55DF6D3D9340A1BB991D73 /* libPods.a in Frameworks */ = {isa = PBXBuildFile; fileRef = 524A7CB0FB624FDA90827F07 /* libPods.a */; };
		64213C1417C71BF100ACB862 /* UIKit.framework in Frameworks */ = {isa = PBXBuildFile; fileRef = 64213C1317C71BF100ACB862 /* UIKit.framework */; };
		64213C1617C71BF100ACB862 /* Foundation.framework in Frameworks */ = {isa = PBXBuildFile; fileRef = 64213C1517C71BF100ACB862 /* Foundation.framework */; };
		64213C1817C71BF100ACB862 /* CoreGraphics.framework in Frameworks */ = {isa = PBXBuildFile; fileRef = 64213C1717C71BF100ACB862 /* CoreGraphics.framework */; };
		64213C1E17C71BF100ACB862 /* InfoPlist.strings in Resources */ = {isa = PBXBuildFile; fileRef = 64213C1C17C71BF100ACB862 /* InfoPlist.strings */; };
		64213C2017C71BF100ACB862 /* main.m in Sources */ = {isa = PBXBuildFile; fileRef = 64213C1F17C71BF100ACB862 /* main.m */; };
		64213C2417C71BF100ACB862 /* AppDelegate.m in Sources */ = {isa = PBXBuildFile; fileRef = 64213C2317C71BF100ACB862 /* AppDelegate.m */; };
		64213C2617C71BF100ACB862 /* Default.png in Resources */ = {isa = PBXBuildFile; fileRef = 64213C2517C71BF100ACB862 /* Default.png */; };
		64213C2817C71BF100ACB862 /* Default@2x.png in Resources */ = {isa = PBXBuildFile; fileRef = 64213C2717C71BF100ACB862 /* Default@2x.png */; };
		64213C2A17C71BF100ACB862 /* Default-568h@2x.png in Resources */ = {isa = PBXBuildFile; fileRef = 64213C2917C71BF100ACB862 /* Default-568h@2x.png */; };
		64213C2D17C71BF100ACB862 /* MainStoryboard_iPhone.storyboard in Resources */ = {isa = PBXBuildFile; fileRef = 64213C2B17C71BF100ACB862 /* MainStoryboard_iPhone.storyboard */; };
		64213C3017C71BF100ACB862 /* MainStoryboard_iPad.storyboard in Resources */ = {isa = PBXBuildFile; fileRef = 64213C2E17C71BF100ACB862 /* MainStoryboard_iPad.storyboard */; };
		64213C3317C71BF100ACB862 /* ViewController.m in Sources */ = {isa = PBXBuildFile; fileRef = 64213C3217C71BF100ACB862 /* ViewController.m */; };
		64213C3B17C725AE00ACB862 /* AuthenticationManager.m in Sources */ = {isa = PBXBuildFile; fileRef = 64213C3A17C725AE00ACB862 /* AuthenticationManager.m */; };
		64213C3E17C72F9C00ACB862 /* PostManager.m in Sources */ = {isa = PBXBuildFile; fileRef = 64213C3D17C72F9C00ACB862 /* PostManager.m */; };
		64AF41CD17C80E7200B856FB /* PhotoPost.m in Sources */ = {isa = PBXBuildFile; fileRef = 64AF41CC17C80E7200B856FB /* PhotoPost.m */; };
		64AF41D717C813D300B856FB /* ResponseParser.m in Sources */ = {isa = PBXBuildFile; fileRef = 64AF41D617C813D300B856FB /* ResponseParser.m */; };
		64AF41D817C813D300B856FB /* ResponseParser.m in Sources */ = {isa = PBXBuildFile; fileRef = 64AF41D617C813D300B856FB /* ResponseParser.m */; };
		64AF41DA17CABEE700B856FB /* PostManagerSpec.mm in Sources */ = {isa = PBXBuildFile; fileRef = 64AF41D917CABEE700B856FB /* PostManagerSpec.mm */; };
		64AF41DC17CAC2CF00B856FB /* ResponseParserSpec.mm in Sources */ = {isa = PBXBuildFile; fileRef = 64AF41DB17CAC2CF00B856FB /* ResponseParserSpec.mm */; };
		64C09A5917C7DB0E00D8377C /* SenTestingKit.framework in Frameworks */ = {isa = PBXBuildFile; fileRef = 64C09A5817C7DB0E00D8377C /* SenTestingKit.framework */; };
		64C09A5A17C7DB0E00D8377C /* CoreGraphics.framework in Frameworks */ = {isa = PBXBuildFile; fileRef = 64213C1717C71BF100ACB862 /* CoreGraphics.framework */; };
		64C09A5B17C7DB0E00D8377C /* UIKit.framework in Frameworks */ = {isa = PBXBuildFile; fileRef = 64213C1317C71BF100ACB862 /* UIKit.framework */; };
		64C09A5C17C7DB0E00D8377C /* Foundation.framework in Frameworks */ = {isa = PBXBuildFile; fileRef = 64213C1517C71BF100ACB862 /* Foundation.framework */; };
		64C09A6217C7DB0E00D8377C /* InfoPlist.strings in Resources */ = {isa = PBXBuildFile; fileRef = 64C09A6017C7DB0E00D8377C /* InfoPlist.strings */; };
		64C09A6417C7DB0E00D8377C /* ExampleSpec.mm in Sources */ = {isa = PBXBuildFile; fileRef = 64C09A6317C7DB0E00D8377C /* ExampleSpec.mm */; };
		64C09A6717C7DB0F00D8377C /* Cedar-iOS.framework in Frameworks */ = {isa = PBXBuildFile; fileRef = 64C09A6617C7DB0F00D8377C /* Cedar-iOS.framework */; };
		64F49CB817D28EB70034F404 /* blue.png in Resources */ = {isa = PBXBuildFile; fileRef = 64F49CB717D28EB70034F404 /* blue.png */; };
		64F49CBB17D2F21F0034F404 /* UserInfo.m in Sources */ = {isa = PBXBuildFile; fileRef = 64F49CBA17D2F21F0034F404 /* UserInfo.m */; };
		64F49CBC17D2F21F0034F404 /* UserInfo.m in Sources */ = {isa = PBXBuildFile; fileRef = 64F49CBA17D2F21F0034F404 /* UserInfo.m */; };
		64F49CBF17D2F48E0034F404 /* Blog.m in Sources */ = {isa = PBXBuildFile; fileRef = 64F49CBE17D2F48E0034F404 /* Blog.m */; };
		64F49CC017D2F48E0034F404 /* Blog.m in Sources */ = {isa = PBXBuildFile; fileRef = 64F49CBE17D2F48E0034F404 /* Blog.m */; };
		64F49CC317D3BE3F0034F404 /* JSONFixture.m in Sources */ = {isa = PBXBuildFile; fileRef = 64F49CC217D3BE3F0034F404 /* JSONFixture.m */; };
/* End PBXBuildFile section */

/* Begin PBXFileReference section */
		524A7CB0FB624FDA90827F07 /* libPods.a */ = {isa = PBXFileReference; explicitFileType = archive.ar; includeInIndex = 0; path = libPods.a; sourceTree = BUILT_PRODUCTS_DIR; };
		64213C1017C71BF100ACB862 /* Creativ365.app */ = {isa = PBXFileReference; explicitFileType = wrapper.application; includeInIndex = 0; path = Creativ365.app; sourceTree = BUILT_PRODUCTS_DIR; };
		64213C1317C71BF100ACB862 /* UIKit.framework */ = {isa = PBXFileReference; lastKnownFileType = wrapper.framework; name = UIKit.framework; path = System/Library/Frameworks/UIKit.framework; sourceTree = SDKROOT; };
		64213C1517C71BF100ACB862 /* Foundation.framework */ = {isa = PBXFileReference; lastKnownFileType = wrapper.framework; name = Foundation.framework; path = System/Library/Frameworks/Foundation.framework; sourceTree = SDKROOT; };
		64213C1717C71BF100ACB862 /* CoreGraphics.framework */ = {isa = PBXFileReference; lastKnownFileType = wrapper.framework; name = CoreGraphics.framework; path = System/Library/Frameworks/CoreGraphics.framework; sourceTree = SDKROOT; };
		64213C1B17C71BF100ACB862 /* Creativ365-Info.plist */ = {isa = PBXFileReference; lastKnownFileType = text.plist.xml; path = "Creativ365-Info.plist"; sourceTree = "<group>"; };
		64213C1D17C71BF100ACB862 /* en */ = {isa = PBXFileReference; lastKnownFileType = text.plist.strings; name = en; path = en.lproj/InfoPlist.strings; sourceTree = "<group>"; };
		64213C1F17C71BF100ACB862 /* main.m */ = {isa = PBXFileReference; lastKnownFileType = sourcecode.c.objc; path = main.m; sourceTree = "<group>"; };
		64213C2117C71BF100ACB862 /* Creativ365-Prefix.pch */ = {isa = PBXFileReference; lastKnownFileType = sourcecode.c.h; path = "Creativ365-Prefix.pch"; sourceTree = "<group>"; };
		64213C2217C71BF100ACB862 /* AppDelegate.h */ = {isa = PBXFileReference; lastKnownFileType = sourcecode.c.h; path = AppDelegate.h; sourceTree = "<group>"; };
		64213C2317C71BF100ACB862 /* AppDelegate.m */ = {isa = PBXFileReference; lastKnownFileType = sourcecode.c.objc; path = AppDelegate.m; sourceTree = "<group>"; };
		64213C2517C71BF100ACB862 /* Default.png */ = {isa = PBXFileReference; lastKnownFileType = image.png; path = Default.png; sourceTree = "<group>"; };
		64213C2717C71BF100ACB862 /* Default@2x.png */ = {isa = PBXFileReference; lastKnownFileType = image.png; path = "Default@2x.png"; sourceTree = "<group>"; };
		64213C2917C71BF100ACB862 /* Default-568h@2x.png */ = {isa = PBXFileReference; lastKnownFileType = image.png; path = "Default-568h@2x.png"; sourceTree = "<group>"; };
		64213C2C17C71BF100ACB862 /* en */ = {isa = PBXFileReference; lastKnownFileType = file.storyboard; name = en; path = en.lproj/MainStoryboard_iPhone.storyboard; sourceTree = "<group>"; };
		64213C2F17C71BF100ACB862 /* en */ = {isa = PBXFileReference; lastKnownFileType = file.storyboard; name = en; path = en.lproj/MainStoryboard_iPad.storyboard; sourceTree = "<group>"; };
		64213C3117C71BF100ACB862 /* ViewController.h */ = {isa = PBXFileReference; lastKnownFileType = sourcecode.c.h; path = ViewController.h; sourceTree = "<group>"; };
		64213C3217C71BF100ACB862 /* ViewController.m */ = {isa = PBXFileReference; lastKnownFileType = sourcecode.c.objc; path = ViewController.m; sourceTree = "<group>"; };
		64213C3917C725AE00ACB862 /* AuthenticationManager.h */ = {isa = PBXFileReference; fileEncoding = 4; lastKnownFileType = sourcecode.c.h; path = AuthenticationManager.h; sourceTree = "<group>"; };
		64213C3A17C725AE00ACB862 /* AuthenticationManager.m */ = {isa = PBXFileReference; fileEncoding = 4; lastKnownFileType = sourcecode.c.objc; path = AuthenticationManager.m; sourceTree = "<group>"; };
		64213C3C17C72F9C00ACB862 /* PostManager.h */ = {isa = PBXFileReference; fileEncoding = 4; lastKnownFileType = sourcecode.c.h; path = PostManager.h; sourceTree = "<group>"; };
		64213C3D17C72F9C00ACB862 /* PostManager.m */ = {isa = PBXFileReference; fileEncoding = 4; lastKnownFileType = sourcecode.c.objc; path = PostManager.m; sourceTree = "<group>"; };
		64213C3F17C73E8700ACB862 /* SecretConstants.h */ = {isa = PBXFileReference; fileEncoding = 4; lastKnownFileType = sourcecode.c.h; path = SecretConstants.h; sourceTree = "<group>"; };
		64AF41CB17C80E7200B856FB /* PhotoPost.h */ = {isa = PBXFileReference; fileEncoding = 4; lastKnownFileType = sourcecode.c.h; name = PhotoPost.h; path = Model/PhotoPost.h; sourceTree = "<group>"; };
		64AF41CC17C80E7200B856FB /* PhotoPost.m */ = {isa = PBXFileReference; fileEncoding = 4; lastKnownFileType = sourcecode.c.objc; name = PhotoPost.m; path = Model/PhotoPost.m; sourceTree = "<group>"; };
		64AF41CF17C812C500B856FB /* AppConstants.h */ = {isa = PBXFileReference; fileEncoding = 4; lastKnownFileType = sourcecode.c.h; path = AppConstants.h; sourceTree = "<group>"; };
		64AF41D517C813D300B856FB /* ResponseParser.h */ = {isa = PBXFileReference; fileEncoding = 4; lastKnownFileType = sourcecode.c.h; path = ResponseParser.h; sourceTree = "<group>"; };
		64AF41D617C813D300B856FB /* ResponseParser.m */ = {isa = PBXFileReference; fileEncoding = 4; lastKnownFileType = sourcecode.c.objc; path = ResponseParser.m; sourceTree = "<group>"; };
		64AF41D917CABEE700B856FB /* PostManagerSpec.mm */ = {isa = PBXFileReference; fileEncoding = 4; lastKnownFileType = sourcecode.cpp.objcpp; path = PostManagerSpec.mm; sourceTree = "<group>"; };
		64AF41DB17CAC2CF00B856FB /* ResponseParserSpec.mm */ = {isa = PBXFileReference; fileEncoding = 4; lastKnownFileType = sourcecode.cpp.objcpp; path = ResponseParserSpec.mm; sourceTree = "<group>"; };
		64C09A5717C7DB0E00D8377C /* Specs.octest */ = {isa = PBXFileReference; explicitFileType = wrapper.cfbundle; includeInIndex = 0; path = Specs.octest; sourceTree = BUILT_PRODUCTS_DIR; };
		64C09A5817C7DB0E00D8377C /* SenTestingKit.framework */ = {isa = PBXFileReference; lastKnownFileType = wrapper.framework; name = SenTestingKit.framework; path = Library/Frameworks/SenTestingKit.framework; sourceTree = DEVELOPER_DIR; };
		64C09A5F17C7DB0E00D8377C /* Specs-Info.plist */ = {isa = PBXFileReference; lastKnownFileType = text.plist.xml; path = "Specs-Info.plist"; sourceTree = "<group>"; };
		64C09A6117C7DB0E00D8377C /* en */ = {isa = PBXFileReference; lastKnownFileType = text.plist.strings; name = en; path = en.lproj/InfoPlist.strings; sourceTree = "<group>"; };
		64C09A6317C7DB0E00D8377C /* ExampleSpec.mm */ = {isa = PBXFileReference; lastKnownFileType = sourcecode.cpp.objcpp; path = ExampleSpec.mm; sourceTree = "<group>"; };
		64C09A6517C7DB0E00D8377C /* Rakefile */ = {isa = PBXFileReference; lastKnownFileType = text; path = Rakefile; sourceTree = "<group>"; };
		64C09A6617C7DB0F00D8377C /* Cedar-iOS.framework */ = {isa = PBXFileReference; lastKnownFileType = wrapper.framework; name = "Cedar-iOS.framework"; path = "Frameworks/Cedar-iOS.framework"; sourceTree = "<group>"; };
		64C09A6817C7DB0F00D8377C /* Specs-Prefix.pch */ = {isa = PBXFileReference; lastKnownFileType = sourcecode.c.h; path = "Specs-Prefix.pch"; sourceTree = "<group>"; };
		64F49CB717D28EB70034F404 /* blue.png */ = {isa = PBXFileReference; lastKnownFileType = image.png; path = blue.png; sourceTree = "<group>"; };
		64F49CB917D2F21F0034F404 /* UserInfo.h */ = {isa = PBXFileReference; fileEncoding = 4; lastKnownFileType = sourcecode.c.h; path = UserInfo.h; sourceTree = "<group>"; };
		64F49CBA17D2F21F0034F404 /* UserInfo.m */ = {isa = PBXFileReference; fileEncoding = 4; lastKnownFileType = sourcecode.c.objc; path = UserInfo.m; sourceTree = "<group>"; };
		64F49CBD17D2F48E0034F404 /* Blog.h */ = {isa = PBXFileReference; fileEncoding = 4; lastKnownFileType = sourcecode.c.h; path = Blog.h; sourceTree = "<group>"; };
		64F49CBE17D2F48E0034F404 /* Blog.m */ = {isa = PBXFileReference; fileEncoding = 4; lastKnownFileType = sourcecode.c.objc; path = Blog.m; sourceTree = "<group>"; };
		64F49CC117D3BE3F0034F404 /* JSONFixture.h */ = {isa = PBXFileReference; fileEncoding = 4; lastKnownFileType = sourcecode.c.h; path = JSONFixture.h; sourceTree = "<group>"; };
		64F49CC217D3BE3F0034F404 /* JSONFixture.m */ = {isa = PBXFileReference; fileEncoding = 4; lastKnownFileType = sourcecode.c.objc; path = JSONFixture.m; sourceTree = "<group>"; };
		B42F1FC850914D93B7A0BDEF /* Pods.xcconfig */ = {isa = PBXFileReference; includeInIndex = 1; lastKnownFileType = text.xcconfig; name = Pods.xcconfig; path = ../Pods/Pods.xcconfig; sourceTree = SOURCE_ROOT; };
/* End PBXFileReference section */

/* Begin PBXFrameworksBuildPhase section */
		64213C0D17C71BF100ACB862 /* Frameworks */ = {
			isa = PBXFrameworksBuildPhase;
			buildActionMask = 2147483647;
			files = (
				64213C1417C71BF100ACB862 /* UIKit.framework in Frameworks */,
				64213C1617C71BF100ACB862 /* Foundation.framework in Frameworks */,
				64213C1817C71BF100ACB862 /* CoreGraphics.framework in Frameworks */,
				3F55DF6D3D9340A1BB991D73 /* libPods.a in Frameworks */,
			);
			runOnlyForDeploymentPostprocessing = 0;
		};
		64C09A5317C7DB0E00D8377C /* Frameworks */ = {
			isa = PBXFrameworksBuildPhase;
			buildActionMask = 2147483647;
			files = (
				64C09A5917C7DB0E00D8377C /* SenTestingKit.framework in Frameworks */,
				64C09A5A17C7DB0E00D8377C /* CoreGraphics.framework in Frameworks */,
				64C09A5B17C7DB0E00D8377C /* UIKit.framework in Frameworks */,
				64C09A5C17C7DB0E00D8377C /* Foundation.framework in Frameworks */,
				64C09A6717C7DB0F00D8377C /* Cedar-iOS.framework in Frameworks */,
			);
			runOnlyForDeploymentPostprocessing = 0;
		};
/* End PBXFrameworksBuildPhase section */

/* Begin PBXGroup section */
		64213C0717C71BF100ACB862 = {
			isa = PBXGroup;
			children = (
				64213C1917C71BF100ACB862 /* Creativ365 */,
				64C09A5D17C7DB0E00D8377C /* Specs */,
				64213C1217C71BF100ACB862 /* Frameworks */,
				64213C1117C71BF100ACB862 /* Products */,
				B42F1FC850914D93B7A0BDEF /* Pods.xcconfig */,
			);
			sourceTree = "<group>";
		};
		64213C1117C71BF100ACB862 /* Products */ = {
			isa = PBXGroup;
			children = (
				64213C1017C71BF100ACB862 /* Creativ365.app */,
				64C09A5717C7DB0E00D8377C /* Specs.octest */,
			);
			name = Products;
			sourceTree = "<group>";
		};
		64213C1217C71BF100ACB862 /* Frameworks */ = {
			isa = PBXGroup;
			children = (
				64213C1317C71BF100ACB862 /* UIKit.framework */,
				64213C1517C71BF100ACB862 /* Foundation.framework */,
				64213C1717C71BF100ACB862 /* CoreGraphics.framework */,
				524A7CB0FB624FDA90827F07 /* libPods.a */,
				64C09A5817C7DB0E00D8377C /* SenTestingKit.framework */,
			);
			name = Frameworks;
			sourceTree = "<group>";
		};
		64213C1917C71BF100ACB862 /* Creativ365 */ = {
			isa = PBXGroup;
			children = (
				64F49CB717D28EB70034F404 /* blue.png */,
				64AF41D417C8139F00B856FB /* Parsers */,
				64AF41D317C8139000B856FB /* Utils */,
				64213C2217C71BF100ACB862 /* AppDelegate.h */,
				64213C2317C71BF100ACB862 /* AppDelegate.m */,
				64213C2B17C71BF100ACB862 /* MainStoryboard_iPhone.storyboard */,
				64213C2E17C71BF100ACB862 /* MainStoryboard_iPad.storyboard */,
				64213C3117C71BF100ACB862 /* ViewController.h */,
				64213C3217C71BF100ACB862 /* ViewController.m */,
				64213C1A17C71BF100ACB862 /* Supporting Files */,
				64213C3917C725AE00ACB862 /* AuthenticationManager.h */,
				64213C3A17C725AE00ACB862 /* AuthenticationManager.m */,
				64213C3C17C72F9C00ACB862 /* PostManager.h */,
				64213C3D17C72F9C00ACB862 /* PostManager.m */,
				64AF41CE17C80E7600B856FB /* Model */,
			);
			path = Creativ365;
			sourceTree = "<group>";
		};
		64213C1A17C71BF100ACB862 /* Supporting Files */ = {
			isa = PBXGroup;
			children = (
				64213C1B17C71BF100ACB862 /* Creativ365-Info.plist */,
				64213C1C17C71BF100ACB862 /* InfoPlist.strings */,
				64213C1F17C71BF100ACB862 /* main.m */,
				64213C2117C71BF100ACB862 /* Creativ365-Prefix.pch */,
				64213C2517C71BF100ACB862 /* Default.png */,
				64213C2717C71BF100ACB862 /* Default@2x.png */,
				64213C2917C71BF100ACB862 /* Default-568h@2x.png */,
			);
			name = "Supporting Files";
			sourceTree = "<group>";
		};
		64AF41CE17C80E7600B856FB /* Model */ = {
			isa = PBXGroup;
			children = (
				64AF41CB17C80E7200B856FB /* PhotoPost.h */,
				64AF41CC17C80E7200B856FB /* PhotoPost.m */,
				64F49CB917D2F21F0034F404 /* UserInfo.h */,
				64F49CBA17D2F21F0034F404 /* UserInfo.m */,
				64F49CBD17D2F48E0034F404 /* Blog.h */,
				64F49CBE17D2F48E0034F404 /* Blog.m */,
			);
			name = Model;
			sourceTree = "<group>";
		};
		64AF41D317C8139000B856FB /* Utils */ = {
			isa = PBXGroup;
			children = (
				64213C3F17C73E8700ACB862 /* SecretConstants.h */,
				64AF41CF17C812C500B856FB /* AppConstants.h */,
			);
			name = Utils;
			sourceTree = "<group>";
		};
		64AF41D417C8139F00B856FB /* Parsers */ = {
			isa = PBXGroup;
			children = (
				64AF41D517C813D300B856FB /* ResponseParser.h */,
				64AF41D617C813D300B856FB /* ResponseParser.m */,
			);
			name = Parsers;
			sourceTree = "<group>";
		};
		64C09A5D17C7DB0E00D8377C /* Specs */ = {
			isa = PBXGroup;
			children = (
				64C09A6317C7DB0E00D8377C /* ExampleSpec.mm */,
				64C09A6517C7DB0E00D8377C /* Rakefile */,
				64C09A6617C7DB0F00D8377C /* Cedar-iOS.framework */,
				64C09A5E17C7DB0E00D8377C /* Supporting Files */,
				64AF41D917CABEE700B856FB /* PostManagerSpec.mm */,
				64AF41DB17CAC2CF00B856FB /* ResponseParserSpec.mm */,
				64F49CC117D3BE3F0034F404 /* JSONFixture.h */,
				64F49CC217D3BE3F0034F404 /* JSONFixture.m */,
			);
			path = Specs;
			sourceTree = "<group>";
		};
		64C09A5E17C7DB0E00D8377C /* Supporting Files */ = {
			isa = PBXGroup;
			children = (
				64C09A5F17C7DB0E00D8377C /* Specs-Info.plist */,
				64C09A6017C7DB0E00D8377C /* InfoPlist.strings */,
				64C09A6817C7DB0F00D8377C /* Specs-Prefix.pch */,
			);
			name = "Supporting Files";
			sourceTree = "<group>";
		};
/* End PBXGroup section */

/* Begin PBXNativeTarget section */
		64213C0F17C71BF100ACB862 /* Creativ365 */ = {
			isa = PBXNativeTarget;
			buildConfigurationList = 64213C3617C71BF100ACB862 /* Build configuration list for PBXNativeTarget "Creativ365" */;
			buildPhases = (
				18E24175DDE2468AB0AD9228 /* Check Pods Manifest.lock */,
				64213C0C17C71BF100ACB862 /* Sources */,
				64213C0D17C71BF100ACB862 /* Frameworks */,
				64213C0E17C71BF100ACB862 /* Resources */,
				B03594599DE44BBC91B9B580 /* Copy Pods Resources */,
			);
			buildRules = (
			);
			dependencies = (
			);
			name = Creativ365;
			productName = Creativ365;
			productReference = 64213C1017C71BF100ACB862 /* Creativ365.app */;
			productType = "com.apple.product-type.application";
		};
		64C09A5617C7DB0E00D8377C /* Specs */ = {
			isa = PBXNativeTarget;
			buildConfigurationList = 64C09A6B17C7DB0F00D8377C /* Build configuration list for PBXNativeTarget "Specs" */;
			buildPhases = (
				64C09A5217C7DB0E00D8377C /* Sources */,
				64C09A5317C7DB0E00D8377C /* Frameworks */,
				64C09A5417C7DB0E00D8377C /* Resources */,
				64C09A5517C7DB0E00D8377C /* ShellScript */,
			);
			buildRules = (
			);
			dependencies = (
			);
			name = Specs;
			productName = Specs;
			productReference = 64C09A5717C7DB0E00D8377C /* Specs.octest */;
			productType = "com.apple.product-type.bundle";
		};
/* End PBXNativeTarget section */

/* Begin PBXProject section */
		64213C0817C71BF100ACB862 /* Project object */ = {
			isa = PBXProject;
			attributes = {
				LastUpgradeCheck = 0460;
				ORGANIZATIONNAME = "Jessica Berglund";
			};
			buildConfigurationList = 64213C0B17C71BF100ACB862 /* Build configuration list for PBXProject "Creativ365" */;
			compatibilityVersion = "Xcode 3.2";
			developmentRegion = English;
			hasScannedForEncodings = 0;
			knownRegions = (
				en,
			);
			mainGroup = 64213C0717C71BF100ACB862;
			productRefGroup = 64213C1117C71BF100ACB862 /* Products */;
			projectDirPath = "";
			projectRoot = "";
			targets = (
				64213C0F17C71BF100ACB862 /* Creativ365 */,
				64C09A5617C7DB0E00D8377C /* Specs */,
			);
		};
/* End PBXProject section */

/* Begin PBXResourcesBuildPhase section */
		64213C0E17C71BF100ACB862 /* Resources */ = {
			isa = PBXResourcesBuildPhase;
			buildActionMask = 2147483647;
			files = (
				64213C1E17C71BF100ACB862 /* InfoPlist.strings in Resources */,
				64213C2617C71BF100ACB862 /* Default.png in Resources */,
				64213C2817C71BF100ACB862 /* Default@2x.png in Resources */,
				64213C2A17C71BF100ACB862 /* Default-568h@2x.png in Resources */,
				64213C2D17C71BF100ACB862 /* MainStoryboard_iPhone.storyboard in Resources */,
				64213C3017C71BF100ACB862 /* MainStoryboard_iPad.storyboard in Resources */,
				64F49CB817D28EB70034F404 /* blue.png in Resources */,
			);
			runOnlyForDeploymentPostprocessing = 0;
		};
		64C09A5417C7DB0E00D8377C /* Resources */ = {
			isa = PBXResourcesBuildPhase;
			buildActionMask = 2147483647;
			files = (
				64C09A6217C7DB0E00D8377C /* InfoPlist.strings in Resources */,
			);
			runOnlyForDeploymentPostprocessing = 0;
		};
/* End PBXResourcesBuildPhase section */

/* Begin PBXShellScriptBuildPhase section */
		18E24175DDE2468AB0AD9228 /* Check Pods Manifest.lock */ = {
			isa = PBXShellScriptBuildPhase;
			buildActionMask = 2147483647;
			files = (
			);
			inputPaths = (
			);
			name = "Check Pods Manifest.lock";
			outputPaths = (
			);
			runOnlyForDeploymentPostprocessing = 0;
			shellPath = /bin/sh;
			shellScript = "diff \"${PODS_ROOT}/../Podfile.lock\" \"${PODS_ROOT}/Manifest.lock\" > /dev/null\nif [[ $? != 0 ]] ; then\n    cat << EOM\nerror: The sandbox is not in sync with the Podfile.lock. Run 'pod install' or update your CocoaPods installation.\nEOM\n    exit 1\nfi\n";
			showEnvVarsInLog = 0;
		};
		64C09A5517C7DB0E00D8377C /* ShellScript */ = {
			isa = PBXShellScriptBuildPhase;
			buildActionMask = 2147483647;
			files = (
			);
			inputPaths = (
			);
			outputPaths = (
			);
			runOnlyForDeploymentPostprocessing = 0;
			shellPath = /bin/sh;
			shellScript = "# Run the unit tests in this test bundle.\n\"${SYSTEM_DEVELOPER_DIR}/Tools/RunUnitTests\"\n";
		};
		B03594599DE44BBC91B9B580 /* Copy Pods Resources */ = {
			isa = PBXShellScriptBuildPhase;
			buildActionMask = 2147483647;
			files = (
			);
			inputPaths = (
			);
			name = "Copy Pods Resources";
			outputPaths = (
			);
			runOnlyForDeploymentPostprocessing = 0;
			shellPath = /bin/sh;
			shellScript = "\"${SRCROOT}/../Pods/Pods-resources.sh\"\n";
			showEnvVarsInLog = 0;
		};
/* End PBXShellScriptBuildPhase section */

/* Begin PBXSourcesBuildPhase section */
		64213C0C17C71BF100ACB862 /* Sources */ = {
			isa = PBXSourcesBuildPhase;
			buildActionMask = 2147483647;
			files = (
				64213C2017C71BF100ACB862 /* main.m in Sources */,
				64213C2417C71BF100ACB862 /* AppDelegate.m in Sources */,
				64213C3317C71BF100ACB862 /* ViewController.m in Sources */,
				64213C3B17C725AE00ACB862 /* AuthenticationManager.m in Sources */,
				64213C3E17C72F9C00ACB862 /* PostManager.m in Sources */,
				64AF41CD17C80E7200B856FB /* PhotoPost.m in Sources */,
				64AF41D717C813D300B856FB /* ResponseParser.m in Sources */,
				64F49CBB17D2F21F0034F404 /* UserInfo.m in Sources */,
				64F49CBF17D2F48E0034F404 /* Blog.m in Sources */,
			);
			runOnlyForDeploymentPostprocessing = 0;
		};
		64C09A5217C7DB0E00D8377C /* Sources */ = {
			isa = PBXSourcesBuildPhase;
			buildActionMask = 2147483647;
			files = (
				64C09A6417C7DB0E00D8377C /* ExampleSpec.mm in Sources */,
				64AF41D817C813D300B856FB /* ResponseParser.m in Sources */,
				64AF41DA17CABEE700B856FB /* PostManagerSpec.mm in Sources */,
				64AF41DC17CAC2CF00B856FB /* ResponseParserSpec.mm in Sources */,
				64F49CBC17D2F21F0034F404 /* UserInfo.m in Sources */,
				64F49CC017D2F48E0034F404 /* Blog.m in Sources */,
				64F49CC317D3BE3F0034F404 /* JSONFixture.m in Sources */,
			);
			runOnlyForDeploymentPostprocessing = 0;
		};
/* End PBXSourcesBuildPhase section */

/* Begin PBXVariantGroup section */
		64213C1C17C71BF100ACB862 /* InfoPlist.strings */ = {
			isa = PBXVariantGroup;
			children = (
				64213C1D17C71BF100ACB862 /* en */,
			);
			name = InfoPlist.strings;
			sourceTree = "<group>";
		};
		64213C2B17C71BF100ACB862 /* MainStoryboard_iPhone.storyboard */ = {
			isa = PBXVariantGroup;
			children = (
				64213C2C17C71BF100ACB862 /* en */,
			);
			name = MainStoryboard_iPhone.storyboard;
			sourceTree = "<group>";
		};
		64213C2E17C71BF100ACB862 /* MainStoryboard_iPad.storyboard */ = {
			isa = PBXVariantGroup;
			children = (
				64213C2F17C71BF100ACB862 /* en */,
			);
			name = MainStoryboard_iPad.storyboard;
			sourceTree = "<group>";
		};
		64C09A6017C7DB0E00D8377C /* InfoPlist.strings */ = {
			isa = PBXVariantGroup;
			children = (
				64C09A6117C7DB0E00D8377C /* en */,
			);
			name = InfoPlist.strings;
			sourceTree = "<group>";
		};
/* End PBXVariantGroup section */

/* Begin XCBuildConfiguration section */
		64213C3417C71BF100ACB862 /* Debug */ = {
			isa = XCBuildConfiguration;
			buildSettings = {
				ALWAYS_SEARCH_USER_PATHS = NO;
				CLANG_CXX_LANGUAGE_STANDARD = "gnu++0x";
				CLANG_CXX_LIBRARY = "libc++";
				CLANG_ENABLE_OBJC_ARC = YES;
				CLANG_WARN_CONSTANT_CONVERSION = YES;
				CLANG_WARN_EMPTY_BODY = YES;
				CLANG_WARN_ENUM_CONVERSION = YES;
				CLANG_WARN_INT_CONVERSION = YES;
				CLANG_WARN__DUPLICATE_METHOD_MATCH = YES;
				"CODE_SIGN_IDENTITY[sdk=iphoneos*]" = "iPhone Developer";
				COPY_PHASE_STRIP = NO;
				GCC_C_LANGUAGE_STANDARD = gnu99;
				GCC_DYNAMIC_NO_PIC = NO;
				GCC_OPTIMIZATION_LEVEL = 0;
				GCC_PREPROCESSOR_DEFINITIONS = (
					"DEBUG=1",
					"$(inherited)",
				);
				GCC_SYMBOLS_PRIVATE_EXTERN = NO;
				GCC_WARN_ABOUT_RETURN_TYPE = YES;
				GCC_WARN_UNINITIALIZED_AUTOS = YES;
				GCC_WARN_UNUSED_VARIABLE = YES;
				IPHONEOS_DEPLOYMENT_TARGET = 6.1;
				ONLY_ACTIVE_ARCH = YES;
				SDKROOT = iphoneos;
				TARGETED_DEVICE_FAMILY = "1,2";
			};
			name = Debug;
		};
		64213C3517C71BF100ACB862 /* Release */ = {
			isa = XCBuildConfiguration;
			buildSettings = {
				ALWAYS_SEARCH_USER_PATHS = NO;
				CLANG_CXX_LANGUAGE_STANDARD = "gnu++0x";
				CLANG_CXX_LIBRARY = "libc++";
				CLANG_ENABLE_OBJC_ARC = YES;
				CLANG_WARN_CONSTANT_CONVERSION = YES;
				CLANG_WARN_EMPTY_BODY = YES;
				CLANG_WARN_ENUM_CONVERSION = YES;
				CLANG_WARN_INT_CONVERSION = YES;
				CLANG_WARN__DUPLICATE_METHOD_MATCH = YES;
				"CODE_SIGN_IDENTITY[sdk=iphoneos*]" = "iPhone Developer";
				COPY_PHASE_STRIP = YES;
				GCC_C_LANGUAGE_STANDARD = gnu99;
				GCC_WARN_ABOUT_RETURN_TYPE = YES;
				GCC_WARN_UNINITIALIZED_AUTOS = YES;
				GCC_WARN_UNUSED_VARIABLE = YES;
				IPHONEOS_DEPLOYMENT_TARGET = 6.1;
				OTHER_CFLAGS = "-DNS_BLOCK_ASSERTIONS=1";
				SDKROOT = iphoneos;
				TARGETED_DEVICE_FAMILY = "1,2";
				VALIDATE_PRODUCT = YES;
			};
			name = Release;
		};
		64213C3717C71BF100ACB862 /* Debug */ = {
			isa = XCBuildConfiguration;
			baseConfigurationReference = B42F1FC850914D93B7A0BDEF /* Pods.xcconfig */;
			buildSettings = {
				GCC_PRECOMPILE_PREFIX_HEADER = YES;
				GCC_PREFIX_HEADER = "Creativ365/Creativ365-Prefix.pch";
				INFOPLIST_FILE = "Creativ365/Creativ365-Info.plist";
				PRODUCT_NAME = "$(TARGET_NAME)";
				WRAPPER_EXTENSION = app;
			};
			name = Debug;
		};
		64213C3817C71BF100ACB862 /* Release */ = {
			isa = XCBuildConfiguration;
			baseConfigurationReference = B42F1FC850914D93B7A0BDEF /* Pods.xcconfig */;
			buildSettings = {
				GCC_PRECOMPILE_PREFIX_HEADER = YES;
				GCC_PREFIX_HEADER = "Creativ365/Creativ365-Prefix.pch";
				INFOPLIST_FILE = "Creativ365/Creativ365-Info.plist";
				PRODUCT_NAME = "$(TARGET_NAME)";
				WRAPPER_EXTENSION = app;
			};
			name = Release;
		};
		64C09A6917C7DB0F00D8377C /* Debug */ = {
			isa = XCBuildConfiguration;
			buildSettings = {
				BUNDLE_LOADER = "$(BUILT_PRODUCTS_DIR)/Creativ365.app/Creativ365";
				CLANG_ENABLE_OBJC_ARC = NO;
				FRAMEWORK_SEARCH_PATHS = (
					"$(SDKROOT)/Developer/Library/Frameworks",
					"$(DEVELOPER_LIBRARY_DIR)/Frameworks",
					"\"$(SRCROOT)/Specs/Frameworks\"",
				);
				GCC_PRECOMPILE_PREFIX_HEADER = YES;
				GCC_PREFIX_HEADER = "Specs/Specs-Prefix.pch";
				INFOPLIST_FILE = "Specs/Specs-Info.plist";
				OTHER_LDFLAGS = (
					"-ObjC",
					"-all_load",
					"-lstdc++",
				);
				PRODUCT_NAME = "$(TARGET_NAME)";
				TEST_HOST = "$(BUNDLE_LOADER)";
				WRAPPER_EXTENSION = octest;
			};
			name = Debug;
		};
		64C09A6A17C7DB0F00D8377C /* Release */ = {
			isa = XCBuildConfiguration;
			buildSettings = {
				BUNDLE_LOADER = "$(BUILT_PRODUCTS_DIR)/Creativ365.app/Creativ365";
				CLANG_ENABLE_OBJC_ARC = NO;
				FRAMEWORK_SEARCH_PATHS = (
					"$(SDKROOT)/Developer/Library/Frameworks",
					"$(DEVELOPER_LIBRARY_DIR)/Frameworks",
					"\"$(SRCROOT)/Specs/Frameworks\"",
				);
				GCC_PRECOMPILE_PREFIX_HEADER = YES;
				GCC_PREFIX_HEADER = "Specs/Specs-Prefix.pch";
				INFOPLIST_FILE = "Specs/Specs-Info.plist";
				OTHER_LDFLAGS = (
					"-ObjC",
					"-all_load",
					"-lstdc++",
				);
				PRODUCT_NAME = "$(TARGET_NAME)";
				TEST_HOST = "$(BUNDLE_LOADER)";
				WRAPPER_EXTENSION = octest;
			};
			name = Release;
		};
/* End XCBuildConfiguration section */

/* Begin XCConfigurationList section */
		64213C0B17C71BF100ACB862 /* Build configuration list for PBXProject "Creativ365" */ = {
			isa = XCConfigurationList;
			buildConfigurations = (
				64213C3417C71BF100ACB862 /* Debug */,
				64213C3517C71BF100ACB862 /* Release */,
			);
			defaultConfigurationIsVisible = 0;
			defaultConfigurationName = Release;
		};
		64213C3617C71BF100ACB862 /* Build configuration list for PBXNativeTarget "Creativ365" */ = {
			isa = XCConfigurationList;
			buildConfigurations = (
				64213C3717C71BF100ACB862 /* Debug */,
				64213C3817C71BF100ACB862 /* Release */,
			);
			defaultConfigurationIsVisible = 0;
			defaultConfigurationName = Release;
		};
		64C09A6B17C7DB0F00D8377C /* Build configuration list for PBXNativeTarget "Specs" */ = {
			isa = XCConfigurationList;
			buildConfigurations = (
				64C09A6917C7DB0F00D8377C /* Debug */,
				64C09A6A17C7DB0F00D8377C /* Release */,
			);
			defaultConfigurationIsVisible = 0;
			defaultConfigurationName = Release;
		};
/* End XCConfigurationList section */
	};
	rootObject = 64213C0817C71BF100ACB862 /* Project object */;
}
